
Microsoft Visual Studio Solution File, Format Version 12.00
# Visual Studio Version 16
VisualStudioVersion = 16.0.29613.14
MinimumVisualStudioVersion = 10.0.40219.1
Project("{FAE04EC0-301F-11D3-BF4B-00C04F79EFBC}") = "Selenium", "Selenium\Selenium.csproj", "{6526ACD1-AE9A-4EBC-8F43-7F8797C01631}"
EndProject
Global
	GlobalSection(SolutionConfigurationPlatforms) = preSolution
		Debug|Any CPU = Debug|Any CPU
		Release|Any CPU = Release|Any CPU
	EndGlobalSection
	GlobalSection(ProjectConfigurationPlatforms) = postSolution
		{6526ACD1-AE9A-4EBC-8F43-7F8797C01631}.Debug|Any CPU.ActiveCfg = Debug|Any CPU
		{6526ACD1-AE9A-4EBC-8F43-7F8797C01631}.Debug|Any CPU.Build.0 = Debug|Any CPU
		{6526ACD1-AE9A-4EBC-8F43-7F8797C01631}.Release|Any CPU.ActiveCfg = Release|Any CPU
		{6526ACD1-AE9A-4EBC-8F43-7F8797C01631}.Release|Any CPU.Build.0 = Release|Any CPU
	EndGlobalSection
	GlobalSection(SolutionProperties) = preSolution
		HideSolutionNode = FALSE
	EndGlobalSection
	GlobalSection(ExtensibilityGlobals) = postSolution
		SolutionGuid = {474E4A8C-473A-4CD9-8E5E-23F86CAA035F}
	EndGlobalSection
EndGlobal
